
Microsoft Visual Studio Solution File, Format Version 12.00
# Visual Studio 15
VisualStudioVersion = 15.0.27130.2027
MinimumVisualStudioVersion = 10.0.40219.1
Project("{2150E333-8FDC-42A3-9474-1A3956D46DE8}") = "Desktop", "Desktop", "{75657086-41A6-4885-9628-3253BBE2FBE3}"
EndProject
Project("{2150E333-8FDC-42A3-9474-1A3956D46DE8}") = "Server", "Server", "{FCB2EF39-D2DF-4A42-A63A-F100A124FD90}"
EndProject
Project("{FAE04EC0-301F-11D3-BF4B-00C04F79EFBC}") = "SyncPlayer", "SyncPlayer\SyncPlayer.csproj", "{31D2CE14-6E3A-4419-B828-58BEB2B86B47}"
EndProject
Project("{9A19103F-16F7-4668-BE54-9A1E7A4F7556}") = "filmst", "filmst 2.0\filmst.csproj", "{D9278838-D32D-4B0A-AAC0-F94D08E7703F}"
EndProject
Project("{FAE04EC0-301F-11D3-BF4B-00C04F79EFBC}") = "PLL", "PLL\PLL.csproj", "{8F3455D3-623A-4A20-B7CA-B990B55ACB79}"
EndProject
Project("{FAE04EC0-301F-11D3-BF4B-00C04F79EFBC}") = "BLL", "BLL\BLL.csproj", "{AFEC3E95-BC57-4D5D-9A18-BEE971E5728D}"
EndProject
Project("{FAE04EC0-301F-11D3-BF4B-00C04F79EFBC}") = "DAL", "DAL\DAL.csproj", "{9F7DF425-03CF-4850-846E-5A60BA022436}"
EndProject
Project("{FAE04EC0-301F-11D3-BF4B-00C04F79EFBC}") = "SharedKernel", "SharedKernel\SharedKernel.csproj", "{FEE81530-D4D5-4F5C-BA38-6AE135D24100}"
EndProject
Project("{FAE04EC0-301F-11D3-BF4B-00C04F79EFBC}") = "Tests", "Tests\Tests.csproj", "{5950A571-1855-4D81-B124-92D2EDFB2245}"
EndProject
Global
	GlobalSection(SolutionConfigurationPlatforms) = preSolution
		Debug|Any CPU = Debug|Any CPU
		Release|Any CPU = Release|Any CPU
	EndGlobalSection
	GlobalSection(ProjectConfigurationPlatforms) = postSolution
		{31D2CE14-6E3A-4419-B828-58BEB2B86B47}.Debug|Any CPU.ActiveCfg = Debug|Any CPU
		{31D2CE14-6E3A-4419-B828-58BEB2B86B47}.Debug|Any CPU.Build.0 = Debug|Any CPU
		{31D2CE14-6E3A-4419-B828-58BEB2B86B47}.Release|Any CPU.ActiveCfg = Release|Any CPU
		{31D2CE14-6E3A-4419-B828-58BEB2B86B47}.Release|Any CPU.Build.0 = Release|Any CPU
		{D9278838-D32D-4B0A-AAC0-F94D08E7703F}.Debug|Any CPU.ActiveCfg = Debug|Any CPU
		{D9278838-D32D-4B0A-AAC0-F94D08E7703F}.Debug|Any CPU.Build.0 = Debug|Any CPU
		{D9278838-D32D-4B0A-AAC0-F94D08E7703F}.Release|Any CPU.ActiveCfg = Release|Any CPU
		{D9278838-D32D-4B0A-AAC0-F94D08E7703F}.Release|Any CPU.Build.0 = Release|Any CPU
		{8F3455D3-623A-4A20-B7CA-B990B55ACB79}.Debug|Any CPU.ActiveCfg = Debug|Any CPU
		{8F3455D3-623A-4A20-B7CA-B990B55ACB79}.Debug|Any CPU.Build.0 = Debug|Any CPU
		{8F3455D3-623A-4A20-B7CA-B990B55ACB79}.Release|Any CPU.ActiveCfg = Release|Any CPU
		{8F3455D3-623A-4A20-B7CA-B990B55ACB79}.Release|Any CPU.Build.0 = Release|Any CPU
		{AFEC3E95-BC57-4D5D-9A18-BEE971E5728D}.Debug|Any CPU.ActiveCfg = Debug|Any CPU
		{AFEC3E95-BC57-4D5D-9A18-BEE971E5728D}.Debug|Any CPU.Build.0 = Debug|Any CPU
		{AFEC3E95-BC57-4D5D-9A18-BEE971E5728D}.Release|Any CPU.ActiveCfg = Release|Any CPU
		{AFEC3E95-BC57-4D5D-9A18-BEE971E5728D}.Release|Any CPU.Build.0 = Release|Any CPU
		{9F7DF425-03CF-4850-846E-5A60BA022436}.Debug|Any CPU.ActiveCfg = Debug|Any CPU
		{9F7DF425-03CF-4850-846E-5A60BA022436}.Debug|Any CPU.Build.0 = Debug|Any CPU
		{9F7DF425-03CF-4850-846E-5A60BA022436}.Release|Any CPU.ActiveCfg = Release|Any CPU
		{9F7DF425-03CF-4850-846E-5A60BA022436}.Release|Any CPU.Build.0 = Release|Any CPU
		{FEE81530-D4D5-4F5C-BA38-6AE135D24100}.Debug|Any CPU.ActiveCfg = Debug|Any CPU
		{FEE81530-D4D5-4F5C-BA38-6AE135D24100}.Debug|Any CPU.Build.0 = Debug|Any CPU
		{FEE81530-D4D5-4F5C-BA38-6AE135D24100}.Release|Any CPU.ActiveCfg = Release|Any CPU
		{FEE81530-D4D5-4F5C-BA38-6AE135D24100}.Release|Any CPU.Build.0 = Release|Any CPU
		{5950A571-1855-4D81-B124-92D2EDFB2245}.Debug|Any CPU.ActiveCfg = Debug|Any CPU
		{5950A571-1855-4D81-B124-92D2EDFB2245}.Debug|Any CPU.Build.0 = Debug|Any CPU
		{5950A571-1855-4D81-B124-92D2EDFB2245}.Release|Any CPU.ActiveCfg = Release|Any CPU
		{5950A571-1855-4D81-B124-92D2EDFB2245}.Release|Any CPU.Build.0 = Release|Any CPU
	EndGlobalSection
	GlobalSection(SolutionProperties) = preSolution
		HideSolutionNode = FALSE
	EndGlobalSection
	GlobalSection(NestedProjects) = preSolution
		{31D2CE14-6E3A-4419-B828-58BEB2B86B47} = {75657086-41A6-4885-9628-3253BBE2FBE3}
		{D9278838-D32D-4B0A-AAC0-F94D08E7703F} = {FCB2EF39-D2DF-4A42-A63A-F100A124FD90}
	EndGlobalSection
	GlobalSection(ExtensibilityGlobals) = postSolution
		SolutionGuid = {ABA4AC16-E87F-44EB-A617-85430343E6FD}
	EndGlobalSection
EndGlobal
